[[package]]
name = "blinky"
version = "0.1.0"
dependencies = [
 "stm32f401x 0.1.0 (git+https://github.com/fudanchii/stm32f401x)",
]

[[package]]
name = "stm32f401x"
version = "0.1.0"
source = "git+https://github.com/fudanchii/stm32f401x#1897d108133b9947ace97310d4077492680470cd"

[metadata]
"checksum stm32f401x 0.1.0 (git+https://github.com/fudanchii/stm32f401x)" = "<none>"
